// !$*UTF8*$!
{
	archiveVersion = 1;
	classes = {
	};
	objectVersion = 46;
	objects = {

/* Begin PBXBuildFile section */
		3BA656EB9144098ABA2BEA4C /* libPods-StoreSearch.a in Frameworks */ = {isa = PBXBuildFile; fileRef = 57157DC3EB950D25193E1D02 /* libPods-StoreSearch.a */; };
		D900A77D1C0873F50093AE88 /* InfoPlist.strings in Resources */ = {isa = PBXBuildFile; fileRef = D900A77F1C0873F50093AE88 /* InfoPlist.strings */; };
		D92649791BFF26010000FF9F /* Search.m in Sources */ = {isa = PBXBuildFile; fileRef = D92649781BFF26010000FF9F /* Search.m */; };
		D93257FD1BF16DB50061EB12 /* main.m in Sources */ = {isa = PBXBuildFile; fileRef = D93257FC1BF16DB50061EB12 /* main.m */; };
		D93258001BF16DB50061EB12 /* AppDelegate.m in Sources */ = {isa = PBXBuildFile; fileRef = D93257FF1BF16DB50061EB12 /* AppDelegate.m */; };
		D93258081BF16DB50061EB12 /* Assets.xcassets in Resources */ = {isa = PBXBuildFile; fileRef = D93258071BF16DB50061EB12 /* Assets.xcassets */; };
		D932580B1BF16DB50061EB12 /* LaunchScreen.storyboard in Resources */ = {isa = PBXBuildFile; fileRef = D93258091BF16DB50061EB12 /* LaunchScreen.storyboard */; };
		D93258161BF16DB50061EB12 /* StoreSearchUITests.m in Sources */ = {isa = PBXBuildFile; fileRef = D93258151BF16DB50061EB12 /* StoreSearchUITests.m */; };
		D93258231BF16E9B0061EB12 /* SearchViewController.m in Sources */ = {isa = PBXBuildFile; fileRef = D93258211BF16E9B0061EB12 /* SearchViewController.m */; };
		D93258271BF18FDD0061EB12 /* SearchResult.m in Sources */ = {isa = PBXBuildFile; fileRef = D93258261BF18FDD0061EB12 /* SearchResult.m */; };
		D93DE82E1C06BBDA00A5B470 /* SearchResultCell.xib in Resources */ = {isa = PBXBuildFile; fileRef = D93DE8301C06BBDA00A5B470 /* SearchResultCell.xib */; };
		D93DE8331C06BC0E00A5B470 /* NothingFoundCell.xib in Resources */ = {isa = PBXBuildFile; fileRef = D93DE8351C06BC0E00A5B470 /* NothingFoundCell.xib */; };
		D93DE8381C06BC3100A5B470 /* LoadingCell.xib in Resources */ = {isa = PBXBuildFile; fileRef = D93DE83A1C06BC3100A5B470 /* LoadingCell.xib */; };
		D93DE83D1C06BC9500A5B470 /* SearchViewController.xib in Resources */ = {isa = PBXBuildFile; fileRef = D93DE83F1C06BC9500A5B470 /* SearchViewController.xib */; };
		D93DE8421C06BEA600A5B470 /* DetailViewController.xib in Resources */ = {isa = PBXBuildFile; fileRef = D93DE8441C06BEA600A5B470 /* DetailViewController.xib */; };
		D93DE8471C06C00500A5B470 /* LandscapeViewController.xib in Resources */ = {isa = PBXBuildFile; fileRef = D93DE8491C06C00500A5B470 /* LandscapeViewController.xib */; };
		D93DE84E1C084ADF00A5B470 /* Localizable.strings in Resources */ = {isa = PBXBuildFile; fileRef = D93DE84C1C084ADF00A5B470 /* Localizable.strings */; };
		D96ACF511BF1CC7000CF540F /* SearchResultCell.m in Sources */ = {isa = PBXBuildFile; fileRef = D96ACF501BF1CC6F00CF540F /* SearchResultCell.m */; };
		D9A451D71BFB26FA000438F6 /* LandscapeViewController.m in Sources */ = {isa = PBXBuildFile; fileRef = D9A451D51BFB26FA000438F6 /* LandscapeViewController.m */; };
		D9F539FF1BF575BF00FC6484 /* DetailViewController.m in Sources */ = {isa = PBXBuildFile; fileRef = D9F539FD1BF575BF00FC6484 /* DetailViewController.m */; };
		D9FB3C2E1BF5E73C004F9EF0 /* GradientView.m in Sources */ = {isa = PBXBuildFile; fileRef = D9FB3C2D1BF5E73C004F9EF0 /* GradientView.m */; };
/* End PBXBuildFile section */

/* Begin PBXContainerItemProxy section */
		D93258121BF16DB50061EB12 /* PBXContainerItemProxy */ = {
			isa = PBXContainerItemProxy;
			containerPortal = D93257F01BF16DB50061EB12 /* Project object */;
			proxyType = 1;
			remoteGlobalIDString = D93257F71BF16DB50061EB12;
			remoteInfo = StoreSearch;
		};
/* End PBXContainerItemProxy section */

/* Begin PBXFileReference section */
		479947DB118EEE6765AB9AF3 /* Pods-StoreSearch.debug.xcconfig */ = {isa = PBXFileReference; includeInIndex = 1; lastKnownFileType = text.xcconfig; name = "Pods-StoreSearch.debug.xcconfig"; path = "Pods/Target Support Files/Pods-StoreSearch/Pods-StoreSearch.debug.xcconfig"; sourceTree = "<group>"; };
		5296521CE507A64C79155715 /* Pods-StoreSearch.release.xcconfig */ = {isa = PBXFileReference; includeInIndex = 1; lastKnownFileType = text.xcconfig; name = "Pods-StoreSearch.release.xcconfig"; path = "Pods/Target Support Files/Pods-StoreSearch/Pods-StoreSearch.release.xcconfig"; sourceTree = "<group>"; };
		57157DC3EB950D25193E1D02 /* libPods-StoreSearch.a */ = {isa = PBXFileReference; explicitFileType = archive.ar; includeInIndex = 0; path = "libPods-StoreSearch.a"; sourceTree = BUILT_PRODUCTS_DIR; };
		D900A77E1C0873F50093AE88 /* zh-Hans */ = {isa = PBXFileReference; lastKnownFileType = text.plist.strings; name = "zh-Hans"; path = "zh-Hans.lproj/InfoPlist.strings"; sourceTree = "<group>"; };
		D900A7811C0873FD0093AE88 /* en */ = {isa = PBXFileReference; lastKnownFileType = text.plist.strings; name = en; path = en.lproj/InfoPlist.strings; sourceTree = "<group>"; };
		D900A7821C0878C60093AE88 /* Base */ = {isa = PBXFileReference; lastKnownFileType = text.plist.strings; name = Base; path = Base.lproj/InfoPlist.strings; sourceTree = "<group>"; };
		D92649771BFF26010000FF9F /* Search.h */ = {isa = PBXFileReference; fileEncoding = 4; lastKnownFileType = sourcecode.c.h; path = Search.h; sourceTree = "<group>"; };
		D92649781BFF26010000FF9F /* Search.m */ = {isa = PBXFileReference; fileEncoding = 4; lastKnownFileType = sourcecode.c.objc; path = Search.m; sourceTree = "<group>"; };
		D93257F81BF16DB50061EB12 /* StoreSearch.app */ = {isa = PBXFileReference; explicitFileType = wrapper.application; includeInIndex = 0; path = StoreSearch.app; sourceTree = BUILT_PRODUCTS_DIR; };
		D93257FC1BF16DB50061EB12 /* main.m */ = {isa = PBXFileReference; lastKnownFileType = sourcecode.c.objc; path = main.m; sourceTree = "<group>"; };
		D93257FE1BF16DB50061EB12 /* AppDelegate.h */ = {isa = PBXFileReference; lastKnownFileType = sourcecode.c.h; path = AppDelegate.h; sourceTree = "<group>"; };
		D93257FF1BF16DB50061EB12 /* AppDelegate.m */ = {isa = PBXFileReference; lastKnownFileType = sourcecode.c.objc; path = AppDelegate.m; sourceTree = "<group>"; };
		D93258071BF16DB50061EB12 /* Assets.xcassets */ = {isa = PBXFileReference; lastKnownFileType = folder.assetcatalog; path = Assets.xcassets; sourceTree = "<group>"; };
		D932580A1BF16DB50061EB12 /* Base */ = {isa = PBXFileReference; lastKnownFileType = file.storyboard; name = Base; path = Base.lproj/LaunchScreen.storyboard; sourceTree = "<group>"; };
		D932580C1BF16DB50061EB12 /* Info.plist */ = {isa = PBXFileReference; lastKnownFileType = text.plist.xml; path = Info.plist; sourceTree = "<group>"; };
		D93258111BF16DB50061EB12 /* StoreSearchUITests.xctest */ = {isa = PBXFileReference; explicitFileType = wrapper.cfbundle; includeInIndex = 0; path = StoreSearchUITests.xctest; sourceTree = BUILT_PRODUCTS_DIR; };
		D93258151BF16DB50061EB12 /* StoreSearchUITests.m */ = {isa = PBXFileReference; lastKnownFileType = sourcecode.c.objc; path = StoreSearchUITests.m; sourceTree = "<group>"; };
		D93258171BF16DB50061EB12 /* Info.plist */ = {isa = PBXFileReference; lastKnownFileType = text.plist.xml; path = Info.plist; sourceTree = "<group>"; };
		D93258201BF16E9B0061EB12 /* SearchViewController.h */ = {isa = PBXFileReference; fileEncoding = 4; lastKnownFileType = sourcecode.c.h; path = SearchViewController.h; sourceTree = "<group>"; };
		D93258211BF16E9B0061EB12 /* SearchViewController.m */ = {isa = PBXFileReference; fileEncoding = 4; lastKnownFileType = sourcecode.c.objc; path = SearchViewController.m; sourceTree = "<group>"; };
		D93258251BF18FDD0061EB12 /* SearchResult.h */ = {isa = PBXFileReference; fileEncoding = 4; lastKnownFileType = sourcecode.c.h; path = SearchResult.h; sourceTree = "<group>"; };
		D93258261BF18FDD0061EB12 /* SearchResult.m */ = {isa = PBXFileReference; fileEncoding = 4; lastKnownFileType = sourcecode.c.objc; path = SearchResult.m; sourceTree = "<group>"; };
		D93DE82D1C06BB7200A5B470 /* zh-Hans */ = {isa = PBXFileReference; lastKnownFileType = text.plist.strings; name = "zh-Hans"; path = "zh-Hans.lproj/LaunchScreen.strings"; sourceTree = "<group>"; };
		D93DE82F1C06BBDA00A5B470 /* Base */ = {isa = PBXFileReference; lastKnownFileType = file.xib; name = Base; path = Base.lproj/SearchResultCell.xib; sourceTree = "<group>"; };
		D93DE8321C06BBE000A5B470 /* zh-Hans */ = {isa = PBXFileReference; lastKnownFileType = text.plist.strings; name = "zh-Hans"; path = "zh-Hans.lproj/SearchResultCell.strings"; sourceTree = "<group>"; };
		D93DE8341C06BC0E00A5B470 /* Base */ = {isa = PBXFileReference; lastKnownFileType = file.xib; name = Base; path = Base.lproj/NothingFoundCell.xib; sourceTree = "<group>"; };
		D93DE8371C06BC1700A5B470 /* zh-Hans */ = {isa = PBXFileReference; lastKnownFileType = text.plist.strings; name = "zh-Hans"; path = "zh-Hans.lproj/NothingFoundCell.strings"; sourceTree = "<group>"; };
		D93DE8391C06BC3100A5B470 /* Base */ = {isa = PBXFileReference; lastKnownFileType = file.xib; name = Base; path = Base.lproj/LoadingCell.xib; sourceTree = "<group>"; };
		D93DE83C1C06BC3400A5B470 /* zh-Hans */ = {isa = PBXFileReference; lastKnownFileType = text.plist.strings; name = "zh-Hans"; path = "zh-Hans.lproj/LoadingCell.strings"; sourceTree = "<group>"; };
		D93DE83E1C06BC9500A5B470 /* Base */ = {isa = PBXFileReference; lastKnownFileType = file.xib; name = Base; path = Base.lproj/SearchViewController.xib; sourceTree = "<group>"; };
		D93DE8411C06BC9900A5B470 /* zh-Hans */ = {isa = PBXFileReference; lastKnownFileType = text.plist.strings; name = "zh-Hans"; path = "zh-Hans.lproj/SearchViewController.strings"; sourceTree = "<group>"; };
		D93DE8431C06BEA600A5B470 /* Base */ = {isa = PBXFileReference; lastKnownFileType = file.xib; name = Base; path = Base.lproj/DetailViewController.xib; sourceTree = "<group>"; };
		D93DE8461C06BEA900A5B470 /* zh-Hans */ = {isa = PBXFileReference; lastKnownFileType = text.plist.strings; name = "zh-Hans"; path = "zh-Hans.lproj/DetailViewController.strings"; sourceTree = "<group>"; };
		D93DE8481C06C00500A5B470 /* Base */ = {isa = PBXFileReference; lastKnownFileType = file.xib; name = Base; path = Base.lproj/LandscapeViewController.xib; sourceTree = "<group>"; };
		D93DE84B1C06C00B00A5B470 /* zh-Hans */ = {isa = PBXFileReference; lastKnownFileType = text.plist.strings; name = "zh-Hans"; path = "zh-Hans.lproj/LandscapeViewController.strings"; sourceTree = "<group>"; };
		D93DE84D1C084ADF00A5B470 /* en */ = {isa = PBXFileReference; lastKnownFileType = text.plist.strings; name = en; path = en.lproj/Localizable.strings; sourceTree = "<group>"; };
		D93DE84F1C084FFD00A5B470 /* zh-Hans */ = {isa = PBXFileReference; lastKnownFileType = text.plist.strings; name = "zh-Hans"; path = "zh-Hans.lproj/Localizable.strings"; sourceTree = "<group>"; };
		D96ACF4F1BF1CC6F00CF540F /* SearchResultCell.h */ = {isa = PBXFileReference; fileEncoding = 4; lastKnownFileType = sourcecode.c.h; path = SearchResultCell.h; sourceTree = "<group>"; };
		D96ACF501BF1CC6F00CF540F /* SearchResultCell.m */ = {isa = PBXFileReference; fileEncoding = 4; lastKnownFileType = sourcecode.c.objc; path = SearchResultCell.m; sourceTree = "<group>"; };
		D9A451D41BFB26FA000438F6 /* LandscapeViewController.h */ = {isa = PBXFileReference; fileEncoding = 4; lastKnownFileType = sourcecode.c.h; path = LandscapeViewController.h; sourceTree = "<group>"; };
		D9A451D51BFB26FA000438F6 /* LandscapeViewController.m */ = {isa = PBXFileReference; fileEncoding = 4; lastKnownFileType = sourcecode.c.objc; path = LandscapeViewController.m; sourceTree = "<group>"; };
		D9F539FC1BF575BF00FC6484 /* DetailViewController.h */ = {isa = PBXFileReference; fileEncoding = 4; lastKnownFileType = sourcecode.c.h; path = DetailViewController.h; sourceTree = "<group>"; };
		D9F539FD1BF575BF00FC6484 /* DetailViewController.m */ = {isa = PBXFileReference; fileEncoding = 4; lastKnownFileType = sourcecode.c.objc; path = DetailViewController.m; sourceTree = "<group>"; };
		D9FB3C2B1BF5BEB5004F9EF0 /* my.pch */ = {isa = PBXFileReference; lastKnownFileType = sourcecode.c.h; path = my.pch; sourceTree = "<group>"; };
		D9FB3C2C1BF5E73C004F9EF0 /* GradientView.h */ = {isa = PBXFileReference; fileEncoding = 4; lastKnownFileType = sourcecode.c.h; path = GradientView.h; sourceTree = "<group>"; };
		D9FB3C2D1BF5E73C004F9EF0 /* GradientView.m */ = {isa = PBXFileReference; fileEncoding = 4; lastKnownFileType = sourcecode.c.objc; path = GradientView.m; sourceTree = "<group>"; };
/* End PBXFileReference section */

/* Begin PBXFrameworksBuildPhase section */
		D93257F51BF16DB50061EB12 /* Frameworks */ = {
			isa = PBXFrameworksBuildPhase;
			buildActionMask = 2147483647;
			files = (
				3BA656EB9144098ABA2BEA4C /* libPods-StoreSearch.a in Frameworks */,
			);
			runOnlyForDeploymentPostprocessing = 0;
		};
		D932580E1BF16DB50061EB12 /* Frameworks */ = {
			isa = PBXFrameworksBuildPhase;
			buildActionMask = 2147483647;
			files = (
			);
			runOnlyForDeploymentPostprocessing = 0;
		};
/* End PBXFrameworksBuildPhase section */

/* Begin PBXGroup section */
		29452EB29C351F20799970CD /* Frameworks */ = {
			isa = PBXGroup;
			children = (
				57157DC3EB950D25193E1D02 /* libPods-StoreSearch.a */,
			);
			name = Frameworks;
			sourceTree = "<group>";
		};
		3C14F0A1A5155273E140D266 /* Pods */ = {
			isa = PBXGroup;
			children = (
				479947DB118EEE6765AB9AF3 /* Pods-StoreSearch.debug.xcconfig */,
				5296521CE507A64C79155715 /* Pods-StoreSearch.release.xcconfig */,
			);
			name = Pods;
			sourceTree = "<group>";
		};
		D93257EF1BF16DB50061EB12 = {
			isa = PBXGroup;
			children = (
				D93257FA1BF16DB50061EB12 /* StoreSearch */,
				D93258141BF16DB50061EB12 /* StoreSearchUITests */,
				D93257F91BF16DB50061EB12 /* Products */,
				3C14F0A1A5155273E140D266 /* Pods */,
				29452EB29C351F20799970CD /* Frameworks */,
			);
			sourceTree = "<group>";
		};
		D93257F91BF16DB50061EB12 /* Products */ = {
			isa = PBXGroup;
			children = (
				D93257F81BF16DB50061EB12 /* StoreSearch.app */,
				D93258111BF16DB50061EB12 /* StoreSearchUITests.xctest */,
			);
			name = Products;
			sourceTree = "<group>";
		};
		D93257FA1BF16DB50061EB12 /* StoreSearch */ = {
			isa = PBXGroup;
			children = (
				D93257FE1BF16DB50061EB12 /* AppDelegate.h */,
				D93257FF1BF16DB50061EB12 /* AppDelegate.m */,
				D92649771BFF26010000FF9F /* Search.h */,
				D92649781BFF26010000FF9F /* Search.m */,
				D93258251BF18FDD0061EB12 /* SearchResult.h */,
				D93258261BF18FDD0061EB12 /* SearchResult.m */,
				D93258201BF16E9B0061EB12 /* SearchViewController.h */,
				D93258211BF16E9B0061EB12 /* SearchViewController.m */,
				D9F539FC1BF575BF00FC6484 /* DetailViewController.h */,
				D9F539FD1BF575BF00FC6484 /* DetailViewController.m */,
				D96ACF4F1BF1CC6F00CF540F /* SearchResultCell.h */,
				D96ACF501BF1CC6F00CF540F /* SearchResultCell.m */,
				D9A451D41BFB26FA000438F6 /* LandscapeViewController.h */,
				D9A451D51BFB26FA000438F6 /* LandscapeViewController.m */,
				D9FB3C2C1BF5E73C004F9EF0 /* GradientView.h */,
				D9FB3C2D1BF5E73C004F9EF0 /* GradientView.m */,
				D93258071BF16DB50061EB12 /* Assets.xcassets */,
				D93DE83F1C06BC9500A5B470 /* SearchViewController.xib */,
				D93DE8491C06C00500A5B470 /* LandscapeViewController.xib */,
				D93DE8301C06BBDA00A5B470 /* SearchResultCell.xib */,
				D93DE8351C06BC0E00A5B470 /* NothingFoundCell.xib */,
				D93DE83A1C06BC3100A5B470 /* LoadingCell.xib */,
				D93DE8441C06BEA600A5B470 /* DetailViewController.xib */,
				D93258091BF16DB50061EB12 /* LaunchScreen.storyboard */,
				D932580C1BF16DB50061EB12 /* Info.plist */,
				D93257FB1BF16DB50061EB12 /* Supporting Files */,
			);
			path = StoreSearch;
			sourceTree = "<group>";
		};
		D93257FB1BF16DB50061EB12 /* Supporting Files */ = {
			isa = PBXGroup;
			children = (
				D93DE84C1C084ADF00A5B470 /* Localizable.strings */,
				D900A77F1C0873F50093AE88 /* InfoPlist.strings */,
				D93257FC1BF16DB50061EB12 /* main.m */,
				D9FB3C2B1BF5BEB5004F9EF0 /* my.pch */,
			);
			name = "Supporting Files";
			sourceTree = "<group>";
		};
		D93258141BF16DB50061EB12 /* StoreSearchUITests */ = {
			isa = PBXGroup;
			children = (
				D93258151BF16DB50061EB12 /* StoreSearchUITests.m */,
				D93258171BF16DB50061EB12 /* Info.plist */,
			);
			path = StoreSearchUITests;
			sourceTree = "<group>";
		};
/* End PBXGroup section */

/* Begin PBXNativeTarget section */
		D93257F71BF16DB50061EB12 /* StoreSearch */ = {
			isa = PBXNativeTarget;
			buildConfigurationList = D932581A1BF16DB50061EB12 /* Build configuration list for PBXNativeTarget "StoreSearch" */;
			buildPhases = (
				D99A0E9CA22F241A8F271909 /* Check Pods Manifest.lock */,
				D93257F41BF16DB50061EB12 /* Sources */,
				D93257F51BF16DB50061EB12 /* Frameworks */,
				D93257F61BF16DB50061EB12 /* Resources */,
				95E2CD0BC7FB6B46486E28A6 /* Embed Pods Frameworks */,
				2BEDA96E4CE1AF49627EA14E /* Copy Pods Resources */,
			);
			buildRules = (
			);
			dependencies = (
			);
			name = StoreSearch;
			productName = StoreSearch;
			productReference = D93257F81BF16DB50061EB12 /* StoreSearch.app */;
			productType = "com.apple.product-type.application";
		};
		D93258101BF16DB50061EB12 /* StoreSearchUITests */ = {
			isa = PBXNativeTarget;
			buildConfigurationList = D932581D1BF16DB50061EB12 /* Build configuration list for PBXNativeTarget "StoreSearchUITests" */;
			buildPhases = (
				D932580D1BF16DB50061EB12 /* Sources */,
				D932580E1BF16DB50061EB12 /* Frameworks */,
				D932580F1BF16DB50061EB12 /* Resources */,
			);
			buildRules = (
			);
			dependencies = (
				D93258131BF16DB50061EB12 /* PBXTargetDependency */,
			);
			name = StoreSearchUITests;
			productName = StoreSearchUITests;
			productReference = D93258111BF16DB50061EB12 /* StoreSearchUITests.xctest */;
			productType = "com.apple.product-type.bundle.ui-testing";
		};
/* End PBXNativeTarget section */

/* Begin PBXProject section */
		D93257F01BF16DB50061EB12 /* Project object */ = {
			isa = PBXProject;
			attributes = {
				LastUpgradeCheck = 0710;
				ORGANIZATIONNAME = FLY.lxm;
				TargetAttributes = {
					D93257F71BF16DB50061EB12 = {
						CreatedOnToolsVersion = 7.1;
						DevelopmentTeam = KMFX7RZB2E;
					};
					D93258101BF16DB50061EB12 = {
						CreatedOnToolsVersion = 7.1;
						TestTargetID = D93257F71BF16DB50061EB12;
					};
				};
			};
			buildConfigurationList = D93257F31BF16DB50061EB12 /* Build configuration list for PBXProject "StoreSearch" */;
			compatibilityVersion = "Xcode 3.2";
			developmentRegion = English;
			hasScannedForEncodings = 0;
			knownRegions = (
				en,
				Base,
				"zh-Hans",
			);
			mainGroup = D93257EF1BF16DB50061EB12;
			productRefGroup = D93257F91BF16DB50061EB12 /* Products */;
			projectDirPath = "";
			projectRoot = "";
			targets = (
				D93257F71BF16DB50061EB12 /* StoreSearch */,
				D93258101BF16DB50061EB12 /* StoreSearchUITests */,
			);
		};
/* End PBXProject section */

/* Begin PBXResourcesBuildPhase section */
		D93257F61BF16DB50061EB12 /* Resources */ = {
			isa = PBXResourcesBuildPhase;
			buildActionMask = 2147483647;
			files = (
				D932580B1BF16DB50061EB12 /* LaunchScreen.storyboard in Resources */,
				D93258081BF16DB50061EB12 /* Assets.xcassets in Resources */,
				D93DE8421C06BEA600A5B470 /* DetailViewController.xib in Resources */,
				D93DE8381C06BC3100A5B470 /* LoadingCell.xib in Resources */,
				D93DE84E1C084ADF00A5B470 /* Localizable.strings in Resources */,
				D93DE82E1C06BBDA00A5B470 /* SearchResultCell.xib in Resources */,
				D93DE8331C06BC0E00A5B470 /* NothingFoundCell.xib in Resources */,
				D93DE8471C06C00500A5B470 /* LandscapeViewController.xib in Resources */,
				D93DE83D1C06BC9500A5B470 /* SearchViewController.xib in Resources */,
				D900A77D1C0873F50093AE88 /* InfoPlist.strings in Resources */,
			);
			runOnlyForDeploymentPostprocessing = 0;
		};
		D932580F1BF16DB50061EB12 /* Resources */ = {
			isa = PBXResourcesBuildPhase;
			buildActionMask = 2147483647;
			files = (
			);
			runOnlyForDeploymentPostprocessing = 0;
		};
/* End PBXResourcesBuildPhase section */

/* Begin PBXShellScriptBuildPhase section */
		2BEDA96E4CE1AF49627EA14E /* Copy Pods Resources */ = {
			isa = PBXShellScriptBuildPhase;
			buildActionMask = 2147483647;
			files = (
			);
			inputPaths = (
			);
			name = "Copy Pods Resources";
			outputPaths = (
			);
			runOnlyForDeploymentPostprocessing = 0;
			shellPath = /bin/sh;
			shellScript = "\"${SRCROOT}/Pods/Target Support Files/Pods-StoreSearch/Pods-StoreSearch-resources.sh\"\n";
			showEnvVarsInLog = 0;
		};
		95E2CD0BC7FB6B46486E28A6 /* Embed Pods Frameworks */ = {
			isa = PBXShellScriptBuildPhase;
			buildActionMask = 2147483647;
			files = (
			);
			inputPaths = (
			);
			name = "Embed Pods Frameworks";
			outputPaths = (
			);
			runOnlyForDeploymentPostprocessing = 0;
			shellPath = /bin/sh;
			shellScript = "\"${SRCROOT}/Pods/Target Support Files/Pods-StoreSearch/Pods-StoreSearch-frameworks.sh\"\n";
			showEnvVarsInLog = 0;
		};
		D99A0E9CA22F241A8F271909 /* Check Pods Manifest.lock */ = {
			isa = PBXShellScriptBuildPhase;
			buildActionMask = 2147483647;
			files = (
			);
			inputPaths = (
			);
			name = "Check Pods Manifest.lock";
			outputPaths = (
			);
			runOnlyForDeploymentPostprocessing = 0;
			shellPath = /bin/sh;
			shellScript = "diff \"${PODS_ROOT}/../Podfile.lock\" \"${PODS_ROOT}/Manifest.lock\" > /dev/null\nif [[ $? != 0 ]] ; then\n    cat << EOM\nerror: The sandbox is not in sync with the Podfile.lock. Run 'pod install' or update your CocoaPods installation.\nEOM\n    exit 1\nfi\n";
			showEnvVarsInLog = 0;
		};
/* End PBXShellScriptBuildPhase section */

/* Begin PBXSourcesBuildPhase section */
		D93257F41BF16DB50061EB12 /* Sources */ = {
			isa = PBXSourcesBuildPhase;
			buildActionMask = 2147483647;
			files = (
				D92649791BFF26010000FF9F /* Search.m in Sources */,
				D93258001BF16DB50061EB12 /* AppDelegate.m in Sources */,
				D93258231BF16E9B0061EB12 /* SearchViewController.m in Sources */,
				D96ACF511BF1CC7000CF540F /* SearchResultCell.m in Sources */,
				D93258271BF18FDD0061EB12 /* SearchResult.m in Sources */,
				D93257FD1BF16DB50061EB12 /* main.m in Sources */,
				D9FB3C2E1BF5E73C004F9EF0 /* GradientView.m in Sources */,
				D9A451D71BFB26FA000438F6 /* LandscapeViewController.m in Sources */,
				D9F539FF1BF575BF00FC6484 /* DetailViewController.m in Sources */,
			);
			runOnlyForDeploymentPostprocessing = 0;
		};
		D932580D1BF16DB50061EB12 /* Sources */ = {
			isa = PBXSourcesBuildPhase;
			buildActionMask = 2147483647;
			files = (
				D93258161BF16DB50061EB12 /* StoreSearchUITests.m in Sources */,
			);
			runOnlyForDeploymentPostprocessing = 0;
		};
/* End PBXSourcesBuildPhase section */

/* Begin PBXTargetDependency section */
		D93258131BF16DB50061EB12 /* PBXTargetDependency */ = {
			isa = PBXTargetDependency;
			target = D93257F71BF16DB50061EB12 /* StoreSearch */;
			targetProxy = D93258121BF16DB50061EB12 /* PBXContainerItemProxy */;
		};
/* End PBXTargetDependency section */

/* Begin PBXVariantGroup section */
		D900A77F1C0873F50093AE88 /* InfoPlist.strings */ = {
			isa = PBXVariantGroup;
			children = (
				D900A77E1C0873F50093AE88 /* zh-Hans */,
				D900A7811C0873FD0093AE88 /* en */,
				D900A7821C0878C60093AE88 /* Base */,
			);
			name = InfoPlist.strings;
			sourceTree = "<group>";
		};
		D93258091BF16DB50061EB12 /* LaunchScreen.storyboard */ = {
			isa = PBXVariantGroup;
			children = (
				D932580A1BF16DB50061EB12 /* Base */,
				D93DE82D1C06BB7200A5B470 /* zh-Hans */,
			);
			name = LaunchScreen.storyboard;
			sourceTree = "<group>";
		};
		D93DE8301C06BBDA00A5B470 /* SearchResultCell.xib */ = {
			isa = PBXVariantGroup;
			children = (
				D93DE82F1C06BBDA00A5B470 /* Base */,
				D93DE8321C06BBE000A5B470 /* zh-Hans */,
			);
			name = SearchResultCell.xib;
			sourceTree = "<group>";
		};
		D93DE8351C06BC0E00A5B470 /* NothingFoundCell.xib */ = {
			isa = PBXVariantGroup;
			children = (
				D93DE8341C06BC0E00A5B470 /* Base */,
				D93DE8371C06BC1700A5B470 /* zh-Hans */,
			);
			name = NothingFoundCell.xib;
			sourceTree = "<group>";
		};
		D93DE83A1C06BC3100A5B470 /* LoadingCell.xib */ = {
			isa = PBXVariantGroup;
			children = (
				D93DE8391C06BC3100A5B470 /* Base */,
				D93DE83C1C06BC3400A5B470 /* zh-Hans */,
			);
			name = LoadingCell.xib;
			sourceTree = "<group>";
		};
		D93DE83F1C06BC9500A5B470 /* SearchViewController.xib */ = {
			isa = PBXVariantGroup;
			children = (
				D93DE83E1C06BC9500A5B470 /* Base */,
				D93DE8411C06BC9900A5B470 /* zh-Hans */,
			);
			name = SearchViewController.xib;
			sourceTree = "<group>";
		};
		D93DE8441C06BEA600A5B470 /* DetailViewController.xib */ = {
			isa = PBXVariantGroup;
			children = (
				D93DE8431C06BEA600A5B470 /* Base */,
				D93DE8461C06BEA900A5B470 /* zh-Hans */,
			);
			name = DetailViewController.xib;
			sourceTree = "<group>";
		};
		D93DE8491C06C00500A5B470 /* LandscapeViewController.xib */ = {
			isa = PBXVariantGroup;
			children = (
				D93DE8481C06C00500A5B470 /* Base */,
				D93DE84B1C06C00B00A5B470 /* zh-Hans */,
			);
			name = LandscapeViewController.xib;
			sourceTree = "<group>";
		};
		D93DE84C1C084ADF00A5B470 /* Localizable.strings */ = {
			isa = PBXVariantGroup;
			children = (
				D93DE84D1C084ADF00A5B470 /* en */,
				D93DE84F1C084FFD00A5B470 /* zh-Hans */,
			);
			name = Localizable.strings;
			sourceTree = "<group>";
		};
/* End PBXVariantGroup section */

/* Begin XCBuildConfiguration section */
		D93258181BF16DB50061EB12 /* Debug */ = {
			isa = XCBuildConfiguration;
			buildSettings = {
				ALWAYS_SEARCH_USER_PATHS = NO;
				CLANG_CXX_LANGUAGE_STANDARD = "gnu++0x";
				CLANG_CXX_LIBRARY = "libc++";
				CLANG_ENABLE_MODULES = YES;
				CLANG_ENABLE_OBJC_ARC = YES;
				CLANG_WARN_BOOL_CONVERSION = YES;
				CLANG_WARN_CONSTANT_CONVERSION = YES;
				CLANG_WARN_DIRECT_OBJC_ISA_USAGE = YES_ERROR;
				CLANG_WARN_EMPTY_BODY = YES;
				CLANG_WARN_ENUM_CONVERSION = YES;
				CLANG_WARN_INT_CONVERSION = YES;
				CLANG_WARN_OBJC_ROOT_CLASS = YES_ERROR;
				CLANG_WARN_UNREACHABLE_CODE = YES;
				CLANG_WARN__DUPLICATE_METHOD_MATCH = YES;
				"CODE_SIGN_IDENTITY[sdk=iphoneos*]" = "iPhone Developer";
				COPY_PHASE_STRIP = NO;
				DEBUG_INFORMATION_FORMAT = dwarf;
				ENABLE_STRICT_OBJC_MSGSEND = YES;
				ENABLE_TESTABILITY = YES;
				GCC_C_LANGUAGE_STANDARD = gnu99;
				GCC_DYNAMIC_NO_PIC = NO;
				GCC_NO_COMMON_BLOCKS = YES;
				GCC_OPTIMIZATION_LEVEL = 0;
				GCC_PREPROCESSOR_DEFINITIONS = (
					"DEBUG=1",
					"$(inherited)",
				);
				GCC_WARN_64_TO_32_BIT_CONVERSION = YES;
				GCC_WARN_ABOUT_RETURN_TYPE = YES_ERROR;
				GCC_WARN_UNDECLARED_SELECTOR = YES;
				GCC_WARN_UNINITIALIZED_AUTOS = YES_AGGRESSIVE;
				GCC_WARN_UNUSED_FUNCTION = YES;
				GCC_WARN_UNUSED_VARIABLE = YES;
				IPHONEOS_DEPLOYMENT_TARGET = 9.1;
				MTL_ENABLE_DEBUG_INFO = YES;
				ONLY_ACTIVE_ARCH = YES;
				SDKROOT = iphoneos;
			};
			name = Debug;
		};
		D93258191BF16DB50061EB12 /* Release */ = {
			isa = XCBuildConfiguration;
			buildSettings = {
				ALWAYS_SEARCH_USER_PATHS = NO;
				CLANG_CXX_LANGUAGE_STANDARD = "gnu++0x";
				CLANG_CXX_LIBRARY = "libc++";
				CLANG_ENABLE_MODULES = YES;
				CLANG_ENABLE_OBJC_ARC = YES;
				CLANG_WARN_BOOL_CONVERSION = YES;
				CLANG_WARN_CONSTANT_CONVERSION = YES;
				CLANG_WARN_DIRECT_OBJC_ISA_USAGE = YES_ERROR;
				CLANG_WARN_EMPTY_BODY = YES;
				CLANG_WARN_ENUM_CONVERSION = YES;
				CLANG_WARN_INT_CONVERSION = YES;
				CLANG_WARN_OBJC_ROOT_CLASS = YES_ERROR;
				CLANG_WARN_UNREACHABLE_CODE = YES;
				CLANG_WARN__DUPLICATE_METHOD_MATCH = YES;
				"CODE_SIGN_IDENTITY[sdk=iphoneos*]" = "iPhone Developer";
				COPY_PHASE_STRIP = NO;
				DEBUG_INFORMATION_FORMAT = "dwarf-with-dsym";
				ENABLE_NS_ASSERTIONS = NO;
				ENABLE_STRICT_OBJC_MSGSEND = YES;
				GCC_C_LANGUAGE_STANDARD = gnu99;
				GCC_NO_COMMON_BLOCKS = YES;
				GCC_WARN_64_TO_32_BIT_CONVERSION = YES;
				GCC_WARN_ABOUT_RETURN_TYPE = YES_ERROR;
				GCC_WARN_UNDECLARED_SELECTOR = YES;
				GCC_WARN_UNINITIALIZED_AUTOS = YES_AGGRESSIVE;
				GCC_WARN_UNUSED_FUNCTION = YES;
				GCC_WARN_UNUSED_VARIABLE = YES;
				IPHONEOS_DEPLOYMENT_TARGET = 9.1;
				MTL_ENABLE_DEBUG_INFO = NO;
				SDKROOT = iphoneos;
				VALIDATE_PRODUCT = YES;
			};
			name = Release;
		};
		D932581B1BF16DB50061EB12 /* Debug */ = {
			isa = XCBuildConfiguration;
			baseConfigurationReference = 479947DB118EEE6765AB9AF3 /* Pods-StoreSearch.debug.xcconfig */;
			buildSettings = {
				ASSETCATALOG_COMPILER_APPICON_NAME = AppIcon;
				CODE_SIGN_IDENTITY = "iPhone Developer";
				"CODE_SIGN_IDENTITY[sdk=iphoneos*]" = "iPhone Developer";
				GCC_PRECOMPILE_PREFIX_HEADER = YES;
				GCC_PREFIX_HEADER = StoreSearch/my.pch;
				INFOPLIST_FILE = StoreSearch/Info.plist;
				LD_RUNPATH_SEARCH_PATHS = "$(inherited) @executable_path/Frameworks";
				PRODUCT_BUNDLE_IDENTIFIER = com.fly.StoreSearch;
				PRODUCT_NAME = "$(TARGET_NAME)";
				PROVISIONING_PROFILE = "";
				TARGETED_DEVICE_FAMILY = "1,2";
			};
			name = Debug;
		};
		D932581C1BF16DB50061EB12 /* Release */ = {
			isa = XCBuildConfiguration;
			baseConfigurationReference = 5296521CE507A64C79155715 /* Pods-StoreSearch.release.xcconfig */;
			buildSettings = {
				ASSETCATALOG_COMPILER_APPICON_NAME = AppIcon;
				CODE_SIGN_IDENTITY = "iPhone Developer";
				"CODE_SIGN_IDENTITY[sdk=iphoneos*]" = "iPhone Developer";
				GCC_PRECOMPILE_PREFIX_HEADER = YES;
				GCC_PREFIX_HEADER = StoreSearch/my.pch;
				INFOPLIST_FILE = StoreSearch/Info.plist;
				LD_RUNPATH_SEARCH_PATHS = "$(inherited) @executable_path/Frameworks";
				PRODUCT_BUNDLE_IDENTIFIER = com.fly.StoreSearch;
				PRODUCT_NAME = "$(TARGET_NAME)";
				PROVISIONING_PROFILE = "";
				TARGETED_DEVICE_FAMILY = "1,2";
			};
			name = Release;
		};
		D932581E1BF16DB50061EB12 /* Debug */ = {
			isa = XCBuildConfiguration;
			buildSettings = {
				INFOPLIST_FILE = StoreSearchUITests/Info.plist;
				LD_RUNPATH_SEARCH_PATHS = "$(inherited) @executable_path/Frameworks @loader_path/Frameworks";
				PRODUCT_BUNDLE_IDENTIFIER = com.fly.StoreSearchUITests;
				PRODUCT_NAME = "$(TARGET_NAME)";
				TEST_TARGET_NAME = StoreSearch;
				USES_XCTRUNNER = YES;
			};
			name = Debug;
		};
		D932581F1BF16DB50061EB12 /* Release */ = {
			isa = XCBuildConfiguration;
			buildSettings = {
				INFOPLIST_FILE = StoreSearchUITests/Info.plist;
				LD_RUNPATH_SEARCH_PATHS = "$(inherited) @executable_path/Frameworks @loader_path/Frameworks";
				PRODUCT_BUNDLE_IDENTIFIER = com.fly.StoreSearchUITests;
				PRODUCT_NAME = "$(TARGET_NAME)";
				TEST_TARGET_NAME = StoreSearch;
				USES_XCTRUNNER = YES;
			};
			name = Release;
		};
/* End XCBuildConfiguration section */

/* Begin XCConfigurationList section */
		D93257F31BF16DB50061EB12 /* Build configuration list for PBXProject "StoreSearch" */ = {
			isa = XCConfigurationList;
			buildConfigurations = (
				D93258181BF16DB50061EB12 /* Debug */,
				D93258191BF16DB50061EB12 /* Release */,
			);
			defaultConfigurationIsVisible = 0;
			defaultConfigurationName = Release;
		};
		D932581A1BF16DB50061EB12 /* Build configuration list for PBXNativeTarget "StoreSearch" */ = {
			isa = XCConfigurationList;
			buildConfigurations = (
				D932581B1BF16DB50061EB12 /* Debug */,
				D932581C1BF16DB50061EB12 /* Release */,
			);
			defaultConfigurationIsVisible = 0;
			defaultConfigurationName = Release;
		};
		D932581D1BF16DB50061EB12 /* Build configuration list for PBXNativeTarget "StoreSearchUITests" */ = {
			isa = XCConfigurationList;
			buildConfigurations = (
				D932581E1BF16DB50061EB12 /* Debug */,
				D932581F1BF16DB50061EB12 /* Release */,
			);
			defaultConfigurationIsVisible = 0;
			defaultConfigurationName = Release;
		};
/* End XCConfigurationList section */
	};
	rootObject = D93257F01BF16DB50061EB12 /* Project object */;
}
